
Microsoft Visual Studio Solution File, Format Version 12.00
# Visual Studio Version 17
VisualStudioVersion = 17.3.32929.385
MinimumVisualStudioVersion = 10.0.40219.1
Project("{FAE04EC0-301F-11D3-BF4B-00C04F79EFBC}") = "EasySave v1.0.0", "EasySave v1.0.0\EasySave v1.0.0.csproj", "{DEDF1D83-4AEC-4A0C-B013-0D64541A4B1B}"
EndProject
Global
	GlobalSection(SolutionConfigurationPlatforms) = preSolution
		Debug|Any CPU = Debug|Any CPU
		Release|Any CPU = Release|Any CPU
	EndGlobalSection
	GlobalSection(ProjectConfigurationPlatforms) = postSolution
		{DEDF1D83-4AEC-4A0C-B013-0D64541A4B1B}.Debug|Any CPU.ActiveCfg = Debug|Any CPU
		{DEDF1D83-4AEC-4A0C-B013-0D64541A4B1B}.Debug|Any CPU.Build.0 = Debug|Any CPU
		{DEDF1D83-4AEC-4A0C-B013-0D64541A4B1B}.Release|Any CPU.ActiveCfg = Release|Any CPU
		{DEDF1D83-4AEC-4A0C-B013-0D64541A4B1B}.Release|Any CPU.Build.0 = Release|Any CPU
	EndGlobalSection
	GlobalSection(SolutionProperties) = preSolution
		HideSolutionNode = FALSE
	EndGlobalSection
	GlobalSection(ExtensibilityGlobals) = postSolution
		SolutionGuid = {53C80038-DF4C-43F6-8244-C091808557D6}
	EndGlobalSection
EndGlobal
